
Microsoft Visual Studio Solution File, Format Version 12.00
# Visual Studio Version 16
VisualStudioVersion = 16.0.30104.148
MinimumVisualStudioVersion = 10.0.40219.1
Project("{FAE04EC0-301F-11D3-BF4B-00C04F79EFBC}") = "Mp3Size-CLI", "Mp3Size-CLI.csproj", "{D9291AE5-8F14-4DFD-A435-8218897B21D5}"
EndProject
Global
	GlobalSection(SolutionConfigurationPlatforms) = preSolution
		Debug|Any CPU = Debug|Any CPU
		Release|Any CPU = Release|Any CPU
	EndGlobalSection
	GlobalSection(ProjectConfigurationPlatforms) = postSolution
		{D9291AE5-8F14-4DFD-A435-8218897B21D5}.Debug|Any CPU.ActiveCfg = Debug|Any CPU
		{D9291AE5-8F14-4DFD-A435-8218897B21D5}.Debug|Any CPU.Build.0 = Debug|Any CPU
		{D9291AE5-8F14-4DFD-A435-8218897B21D5}.Release|Any CPU.ActiveCfg = Release|Any CPU
		{D9291AE5-8F14-4DFD-A435-8218897B21D5}.Release|Any CPU.Build.0 = Release|Any CPU
	EndGlobalSection
	GlobalSection(SolutionProperties) = preSolution
		HideSolutionNode = FALSE
	EndGlobalSection
	GlobalSection(ExtensibilityGlobals) = postSolution
		SolutionGuid = {BA89BD47-15C5-4B26-8CC7-00CE2135F010}
	EndGlobalSection
EndGlobal
